
Microsoft Visual Studio Solution File, Format Version 12.00
# Visual Studio Version 16
VisualStudioVersion = 16.0.28803.202
MinimumVisualStudioVersion = 10.0.40219.1
Project("{FAE04EC0-301F-11D3-BF4B-00C04F79EFBC}") = "IpAddressIntersectTest", "IpAddressIntersectTest.csproj", "{979BBBC3-18C7-46DF-8963-9B3ABF221CB2}"
EndProject
Global
	GlobalSection(SolutionConfigurationPlatforms) = preSolution
		Debug|Any CPU = Debug|Any CPU
		Release|Any CPU = Release|Any CPU
	EndGlobalSection
	GlobalSection(ProjectConfigurationPlatforms) = postSolution
		{979BBBC3-18C7-46DF-8963-9B3ABF221CB2}.Debug|Any CPU.ActiveCfg = Debug|Any CPU
		{979BBBC3-18C7-46DF-8963-9B3ABF221CB2}.Debug|Any CPU.Build.0 = Debug|Any CPU
		{979BBBC3-18C7-46DF-8963-9B3ABF221CB2}.Release|Any CPU.ActiveCfg = Release|Any CPU
		{979BBBC3-18C7-46DF-8963-9B3ABF221CB2}.Release|Any CPU.Build.0 = Release|Any CPU
	EndGlobalSection
	GlobalSection(SolutionProperties) = preSolution
		HideSolutionNode = FALSE
	EndGlobalSection
	GlobalSection(ExtensibilityGlobals) = postSolution
		SolutionGuid = {55B711BF-75B5-41F7-83D7-7F1B3DB04E0C}
	EndGlobalSection
EndGlobal
